
Microsoft Visual Studio Solution File, Format Version 12.00
# Visual Studio Version 17
VisualStudioVersion = 17.11.35222.181
MinimumVisualStudioVersion = 10.0.40219.1
Project("{9A19103F-16F7-4668-BE54-9A1E7A4F7556}") = "Tyuiu.BarbashinAV.Sprint0.Task0.V0", "Tyuiu.BarbashinAV.Sprint0.Task0.V0\Tyuiu.BarbashinAV.Sprint0.Task0.V0.csproj", "{8226CB68-8FFF-480B-94B0-F363F1779810}"
EndProject
Project("{2150E333-8FDC-42A3-9474-1A3956D46DE8}") = "Task1", "Task1", "{6AB7BE48-5CB4-4D91-916E-8D63B5F1307C}"
EndProject
Project("{FAE04EC0-301F-11D3-BF4B-00C04F79EFBC}") = "Tyuiu.BarbashinAV.Sprint0.Task1.V0", "Tyuiu.BarbashinAV.Sprint0.Task1.V0\Tyuiu.BarbashinAV.Sprint0.Task1.V0.csproj", "{86090673-7A64-46C9-B12F-FAA57DB4F57A}"
EndProject
Project("{2150E333-8FDC-42A3-9474-1A3956D46DE8}") = "Task2", "Task2", "{9BE58C28-3973-4DBF-9B1A-D5DE41EB46B9}"
EndProject
Project("{FAE04EC0-301F-11D3-BF4B-00C04F79EFBC}") = "Tyuiu.BarbashinAV.Sprint0.Task2.V0", "Tyuiu.BarbashinAV.Sprint0.Task2.V0\Tyuiu.BarbashinAV.Sprint0.Task2.V0.csproj", "{14EDC635-7BA5-4BAE-9B6C-FAF4A6733177}"
EndProject
Project("{FAE04EC0-301F-11D3-BF4B-00C04F79EFBC}") = "Tyuiu.BarbashinAV.Sprint0.Task2.V0.Lib", "Tyuiu.BarbashinAV.Sprint0.Task2.V0.Lib\Tyuiu.BarbashinAV.Sprint0.Task2.V0.Lib.csproj", "{AE9AD52D-A1DE-44B1-B8F0-278947140B16}"
EndProject
Project("{FAE04EC0-301F-11D3-BF4B-00C04F79EFBC}") = "Tyuiu.BarbashinAV.Sprint0.Task2.V0.Test", "Tyuiu.BarbashinAV.Sprint0.Task2.V0.Test\Tyuiu.BarbashinAV.Sprint0.Task2.V0.Test.csproj", "{2AFCC8FC-FC7C-4A1C-8C46-7DD2043C27AD}"
EndProject
Project("{2150E333-8FDC-42A3-9474-1A3956D46DE8}") = "Task3", "Task3", "{164F9A3F-368F-450A-B4E9-E92BD898DEEC}"
EndProject
Project("{FAE04EC0-301F-11D3-BF4B-00C04F79EFBC}") = "Tyuiu.BarbashinAV.Sprint0.Task3.V0.Test", "Tyuiu.BarbashinAV.Sprint0.Task3.V0.Test\Tyuiu.BarbashinAV.Sprint0.Task3.V0.Test.csproj", "{DE7056AD-8A4F-4C4B-866D-04E56EE738C6}"
EndProject
Project("{FAE04EC0-301F-11D3-BF4B-00C04F79EFBC}") = "Tyuiu.BarbashinAV.Sprint0.Task3.V0.Lib", "Tyuiu.BarbashinAV.Sprint0.Task3.V0.Lib\Tyuiu.BarbashinAV.Sprint0.Task3.V0.Lib.csproj", "{9C58214E-DE00-4937-8E63-E73162A04B5D}"
EndProject
Project("{FAE04EC0-301F-11D3-BF4B-00C04F79EFBC}") = "Tyuiu.BarbashinAV.Sprint0.Task3.V0", "Tyuiu.BarbashinAV.Sprint0.Task3.V0\Tyuiu.BarbashinAV.Sprint0.Task3.V0.csproj", "{F0BA1B69-8C66-470F-ADC6-6A4B8D3339B8}"
EndProject
Project("{2150E333-8FDC-42A3-9474-1A3956D46DE8}") = "Task4", "Task4", "{D73B06A9-104C-490C-9F7D-EC1AF3B8FAA3}"
EndProject
Project("{FAE04EC0-301F-11D3-BF4B-00C04F79EFBC}") = "Tyuiu.BarbashinAV.Sprint0.Task4.V0.Test", "Tyuiu.BarbashinAV.Sprint0.Task4.V0.Test\Tyuiu.BarbashinAV.Sprint0.Task4.V0.Test.csproj", "{3490F585-D071-4EEE-BADA-3317DEF486E4}"
EndProject
Project("{FAE04EC0-301F-11D3-BF4B-00C04F79EFBC}") = "Tyuiu.BarbashinAV.Sprint0.Task4.V0.Lib", "Tyuiu.BarbashinAV.Sprint0.Task4.V0.Lib\Tyuiu.BarbashinAV.Sprint0.Task4.V0.Lib.csproj", "{B750D18E-9097-4A2A-864B-F99098586653}"
EndProject
Project("{FAE04EC0-301F-11D3-BF4B-00C04F79EFBC}") = "Tyuiu.BarbashinAV.Sprint0.Task4.V0", "Tyuiu.BarbashinAV.Sprint0.Task4.V0\Tyuiu.BarbashinAV.Sprint0.Task4.V0.csproj", "{1B25C9DD-FB78-4172-B04A-2F6B4B93E0A4}"
EndProject
Project("{2150E333-8FDC-42A3-9474-1A3956D46DE8}") = "Task5", "Task5", "{CFC07D4C-8CD8-4F5D-B31D-004CE453ABB2}"
EndProject
Project("{FAE04EC0-301F-11D3-BF4B-00C04F79EFBC}") = "Tyuiu.BarbashinAV.Sprint0.Task5.V0", "Tyuiu.BarbashinAV.Sprint0.Task5.V0\Tyuiu.BarbashinAV.Sprint0.Task5.V0.csproj", "{41A71CA1-5F5C-4146-B358-B2D59AF3FE1D}"
EndProject
Project("{FAE04EC0-301F-11D3-BF4B-00C04F79EFBC}") = "Tyuiu.BarbashinAV.Sprint0.Task5.V0.Lib", "Tyuiu.BarbashinAV.Sprint0.Task5.V0.Lib\Tyuiu.BarbashinAV.Sprint0.Task5.V0.Lib.csproj", "{4B9EB411-DCA6-4695-8AB6-8D0C42F42C52}"
EndProject
Project("{FAE04EC0-301F-11D3-BF4B-00C04F79EFBC}") = "Tyuiu.BarbashinAV.Sprint0.Task5.V0.Test", "Tyuiu.BarbashinAV.Sprint0.Task5.V0.Test\Tyuiu.BarbashinAV.Sprint0.Task5.V0.Test.csproj", "{44CCE7B2-75CC-4430-A212-12F99D7DBA57}"
EndProject
Project("{2150E333-8FDC-42A3-9474-1A3956D46DE8}") = "Task6", "Task6", "{62735AD4-56DB-4816-8B5A-EF97A93E2343}"
EndProject
Project("{FAE04EC0-301F-11D3-BF4B-00C04F79EFBC}") = "Tyuiu.BarbashinAV.Sprint0.Task6.V0", "Tyuiu.BarbashinAV.Sprint0.Task6.V0\Tyuiu.BarbashinAV.Sprint0.Task6.V0.csproj", "{1CDE0465-0D97-4453-A506-CB35500B1866}"
EndProject
Project("{FAE04EC0-301F-11D3-BF4B-00C04F79EFBC}") = "Tyuiu.BarbashinAV.Sprint0.Task6.V0.Lib", "Tyuiu.BarbashinAV.Sprint0.Task6.V0.Lib\Tyuiu.BarbashinAV.Sprint0.Task6.V0.Lib.csproj", "{7C0F941A-B807-466C-ABA3-7B46701AEEF0}"
EndProject
Project("{FAE04EC0-301F-11D3-BF4B-00C04F79EFBC}") = "Tyuiu.BarbashinAV.Sprint0.Task6.V0.Test", "Tyuiu.BarbashinAV.Sprint0.Task6.V0.Test\Tyuiu.BarbashinAV.Sprint0.Task6.V0.Test.csproj", "{51154130-7D21-4B78-88F8-8A2C0371EDB1}"
EndProject
Project("{2150E333-8FDC-42A3-9474-1A3956D46DE8}") = "Task7", "Task7", "{2CA1BF08-C730-4615-BAFD-0CF140702BBC}"
EndProject
Project("{FAE04EC0-301F-11D3-BF4B-00C04F79EFBC}") = "Tyuiu.BarbashinAV.Sprint0.Task7.V0", "Tyuiu.BarbashinAV.Sprint0.Task7.V0\Tyuiu.BarbashinAV.Sprint0.Task7.V0.csproj", "{EF0EAC3E-DF4A-4FE3-A610-9F73F66703B0}"
EndProject
Project("{FAE04EC0-301F-11D3-BF4B-00C04F79EFBC}") = "Tyuiu.BarbashinAV.Sprint0.Task7.V0.Lib", "Tyuiu.BarbashinAV.Sprint0.Task7.V0.Lib\Tyuiu.BarbashinAV.Sprint0.Task7.V0.Lib.csproj", "{4262D64F-A813-4255-9E62-93CA1BAED4E4}"
EndProject
Project("{FAE04EC0-301F-11D3-BF4B-00C04F79EFBC}") = "Tyuiu.BarbashinAV.Sprint0.Task7.V0.Test", "Tyuiu.BarbashinAV.Sprint0.Task7.V0.Test\Tyuiu.BarbashinAV.Sprint0.Task7.V0.Test.csproj", "{B499A3A2-D2D4-47AD-A2B5-4F02F9AFB269}"
EndProject
Global
	GlobalSection(SolutionConfigurationPlatforms) = preSolution
		Debug|Any CPU = Debug|Any CPU
		Release|Any CPU = Release|Any CPU
	EndGlobalSection
	GlobalSection(ProjectConfigurationPlatforms) = postSolution
		{8226CB68-8FFF-480B-94B0-F363F1779810}.Debug|Any CPU.ActiveCfg = Debug|Any CPU
		{8226CB68-8FFF-480B-94B0-F363F1779810}.Debug|Any CPU.Build.0 = Debug|Any CPU
		{8226CB68-8FFF-480B-94B0-F363F1779810}.Release|Any CPU.ActiveCfg = Release|Any CPU
		{8226CB68-8FFF-480B-94B0-F363F1779810}.Release|Any CPU.Build.0 = Release|Any CPU
		{86090673-7A64-46C9-B12F-FAA57DB4F57A}.Debug|Any CPU.ActiveCfg = Debug|Any CPU
		{86090673-7A64-46C9-B12F-FAA57DB4F57A}.Debug|Any CPU.Build.0 = Debug|Any CPU
		{86090673-7A64-46C9-B12F-FAA57DB4F57A}.Release|Any CPU.ActiveCfg = Release|Any CPU
		{86090673-7A64-46C9-B12F-FAA57DB4F57A}.Release|Any CPU.Build.0 = Release|Any CPU
		{14EDC635-7BA5-4BAE-9B6C-FAF4A6733177}.Debug|Any CPU.ActiveCfg = Debug|Any CPU
		{14EDC635-7BA5-4BAE-9B6C-FAF4A6733177}.Debug|Any CPU.Build.0 = Debug|Any CPU
		{14EDC635-7BA5-4BAE-9B6C-FAF4A6733177}.Release|Any CPU.ActiveCfg = Release|Any CPU
		{14EDC635-7BA5-4BAE-9B6C-FAF4A6733177}.Release|Any CPU.Build.0 = Release|Any CPU
		{AE9AD52D-A1DE-44B1-B8F0-278947140B16}.Debug|Any CPU.ActiveCfg = Debug|Any CPU
		{AE9AD52D-A1DE-44B1-B8F0-278947140B16}.Debug|Any CPU.Build.0 = Debug|Any CPU
		{AE9AD52D-A1DE-44B1-B8F0-278947140B16}.Release|Any CPU.ActiveCfg = Release|Any CPU
		{AE9AD52D-A1DE-44B1-B8F0-278947140B16}.Release|Any CPU.Build.0 = Release|Any CPU
		{2AFCC8FC-FC7C-4A1C-8C46-7DD2043C27AD}.Debug|Any CPU.ActiveCfg = Debug|Any CPU
		{2AFCC8FC-FC7C-4A1C-8C46-7DD2043C27AD}.Debug|Any CPU.Build.0 = Debug|Any CPU
		{2AFCC8FC-FC7C-4A1C-8C46-7DD2043C27AD}.Release|Any CPU.ActiveCfg = Release|Any CPU
		{2AFCC8FC-FC7C-4A1C-8C46-7DD2043C27AD}.Release|Any CPU.Build.0 = Release|Any CPU
		{DE7056AD-8A4F-4C4B-866D-04E56EE738C6}.Debug|Any CPU.ActiveCfg = Debug|Any CPU
		{DE7056AD-8A4F-4C4B-866D-04E56EE738C6}.Debug|Any CPU.Build.0 = Debug|Any CPU
		{DE7056AD-8A4F-4C4B-866D-04E56EE738C6}.Release|Any CPU.ActiveCfg = Release|Any CPU
		{DE7056AD-8A4F-4C4B-866D-04E56EE738C6}.Release|Any CPU.Build.0 = Release|Any CPU
		{9C58214E-DE00-4937-8E63-E73162A04B5D}.Debug|Any CPU.ActiveCfg = Debug|Any CPU
		{9C58214E-DE00-4937-8E63-E73162A04B5D}.Debug|Any CPU.Build.0 = Debug|Any CPU
		{9C58214E-DE00-4937-8E63-E73162A04B5D}.Release|Any CPU.ActiveCfg = Release|Any CPU
		{9C58214E-DE00-4937-8E63-E73162A04B5D}.Release|Any CPU.Build.0 = Release|Any CPU
		{F0BA1B69-8C66-470F-ADC6-6A4B8D3339B8}.Debug|Any CPU.ActiveCfg = Debug|Any CPU
		{F0BA1B69-8C66-470F-ADC6-6A4B8D3339B8}.Debug|Any CPU.Build.0 = Debug|Any CPU
		{F0BA1B69-8C66-470F-ADC6-6A4B8D3339B8}.Release|Any CPU.ActiveCfg = Release|Any CPU
		{F0BA1B69-8C66-470F-ADC6-6A4B8D3339B8}.Release|Any CPU.Build.0 = Release|Any CPU
		{3490F585-D071-4EEE-BADA-3317DEF486E4}.Debug|Any CPU.ActiveCfg = Debug|Any CPU
		{3490F585-D071-4EEE-BADA-3317DEF486E4}.Debug|Any CPU.Build.0 = Debug|Any CPU
		{3490F585-D071-4EEE-BADA-3317DEF486E4}.Release|Any CPU.ActiveCfg = Release|Any CPU
		{3490F585-D071-4EEE-BADA-3317DEF486E4}.Release|Any CPU.Build.0 = Release|Any CPU
		{B750D18E-9097-4A2A-864B-F99098586653}.Debug|Any CPU.ActiveCfg = Debug|Any CPU
		{B750D18E-9097-4A2A-864B-F99098586653}.Debug|Any CPU.Build.0 = Debug|Any CPU
		{B750D18E-9097-4A2A-864B-F99098586653}.Release|Any CPU.ActiveCfg = Release|Any CPU
		{B750D18E-9097-4A2A-864B-F99098586653}.Release|Any CPU.Build.0 = Release|Any CPU
		{1B25C9DD-FB78-4172-B04A-2F6B4B93E0A4}.Debug|Any CPU.ActiveCfg = Debug|Any CPU
		{1B25C9DD-FB78-4172-B04A-2F6B4B93E0A4}.Debug|Any CPU.Build.0 = Debug|Any CPU
		{1B25C9DD-FB78-4172-B04A-2F6B4B93E0A4}.Release|Any CPU.ActiveCfg = Release|Any CPU
		{1B25C9DD-FB78-4172-B04A-2F6B4B93E0A4}.Release|Any CPU.Build.0 = Release|Any CPU
		{41A71CA1-5F5C-4146-B358-B2D59AF3FE1D}.Debug|Any CPU.ActiveCfg = Debug|Any CPU
		{41A71CA1-5F5C-4146-B358-B2D59AF3FE1D}.Debug|Any CPU.Build.0 = Debug|Any CPU
		{41A71CA1-5F5C-4146-B358-B2D59AF3FE1D}.Release|Any CPU.ActiveCfg = Release|Any CPU
		{41A71CA1-5F5C-4146-B358-B2D59AF3FE1D}.Release|Any CPU.Build.0 = Release|Any CPU
		{4B9EB411-DCA6-4695-8AB6-8D0C42F42C52}.Debug|Any CPU.ActiveCfg = Debug|Any CPU
		{4B9EB411-DCA6-4695-8AB6-8D0C42F42C52}.Debug|Any CPU.Build.0 = Debug|Any CPU
		{4B9EB411-DCA6-4695-8AB6-8D0C42F42C52}.Release|Any CPU.ActiveCfg = Release|Any CPU
		{4B9EB411-DCA6-4695-8AB6-8D0C42F42C52}.Release|Any CPU.Build.0 = Release|Any CPU
		{44CCE7B2-75CC-4430-A212-12F99D7DBA57}.Debug|Any CPU.ActiveCfg = Debug|Any CPU
		{44CCE7B2-75CC-4430-A212-12F99D7DBA57}.Debug|Any CPU.Build.0 = Debug|Any CPU
		{44CCE7B2-75CC-4430-A212-12F99D7DBA57}.Release|Any CPU.ActiveCfg = Release|Any CPU
		{44CCE7B2-75CC-4430-A212-12F99D7DBA57}.Release|Any CPU.Build.0 = Release|Any CPU
		{1CDE0465-0D97-4453-A506-CB35500B1866}.Debug|Any CPU.ActiveCfg = Debug|Any CPU
		{1CDE0465-0D97-4453-A506-CB35500B1866}.Debug|Any CPU.Build.0 = Debug|Any CPU
		{1CDE0465-0D97-4453-A506-CB35500B1866}.Release|Any CPU.ActiveCfg = Release|Any CPU
		{1CDE0465-0D97-4453-A506-CB35500B1866}.Release|Any CPU.Build.0 = Release|Any CPU
		{7C0F941A-B807-466C-ABA3-7B46701AEEF0}.Debug|Any CPU.ActiveCfg = Debug|Any CPU
		{7C0F941A-B807-466C-ABA3-7B46701AEEF0}.Debug|Any CPU.Build.0 = Debug|Any CPU
		{7C0F941A-B807-466C-ABA3-7B46701AEEF0}.Release|Any CPU.ActiveCfg = Release|Any CPU
		{7C0F941A-B807-466C-ABA3-7B46701AEEF0}.Release|Any CPU.Build.0 = Release|Any CPU
		{51154130-7D21-4B78-88F8-8A2C0371EDB1}.Debug|Any CPU.ActiveCfg = Debug|Any CPU
		{51154130-7D21-4B78-88F8-8A2C0371EDB1}.Debug|Any CPU.Build.0 = Debug|Any CPU
		{51154130-7D21-4B78-88F8-8A2C0371EDB1}.Release|Any CPU.ActiveCfg = Release|Any CPU
		{51154130-7D21-4B78-88F8-8A2C0371EDB1}.Release|Any CPU.Build.0 = Release|Any CPU
		{EF0EAC3E-DF4A-4FE3-A610-9F73F66703B0}.Debug|Any CPU.ActiveCfg = Debug|Any CPU
		{EF0EAC3E-DF4A-4FE3-A610-9F73F66703B0}.Debug|Any CPU.Build.0 = Debug|Any CPU
		{EF0EAC3E-DF4A-4FE3-A610-9F73F66703B0}.Release|Any CPU.ActiveCfg = Release|Any CPU
		{EF0EAC3E-DF4A-4FE3-A610-9F73F66703B0}.Release|Any CPU.Build.0 = Release|Any CPU
		{4262D64F-A813-4255-9E62-93CA1BAED4E4}.Debug|Any CPU.ActiveCfg = Debug|Any CPU
		{4262D64F-A813-4255-9E62-93CA1BAED4E4}.Debug|Any CPU.Build.0 = Debug|Any CPU
		{4262D64F-A813-4255-9E62-93CA1BAED4E4}.Release|Any CPU.ActiveCfg = Release|Any CPU
		{4262D64F-A813-4255-9E62-93CA1BAED4E4}.Release|Any CPU.Build.0 = Release|Any CPU
		{B499A3A2-D2D4-47AD-A2B5-4F02F9AFB269}.Debug|Any CPU.ActiveCfg = Debug|Any CPU
		{B499A3A2-D2D4-47AD-A2B5-4F02F9AFB269}.Debug|Any CPU.Build.0 = Debug|Any CPU
		{B499A3A2-D2D4-47AD-A2B5-4F02F9AFB269}.Release|Any CPU.ActiveCfg = Release|Any CPU
		{B499A3A2-D2D4-47AD-A2B5-4F02F9AFB269}.Release|Any CPU.Build.0 = Release|Any CPU
	EndGlobalSection
	GlobalSection(SolutionProperties) = preSolution
		HideSolutionNode = FALSE
	EndGlobalSection
	GlobalSection(NestedProjects) = preSolution
		{86090673-7A64-46C9-B12F-FAA57DB4F57A} = {6AB7BE48-5CB4-4D91-916E-8D63B5F1307C}
		{14EDC635-7BA5-4BAE-9B6C-FAF4A6733177} = {9BE58C28-3973-4DBF-9B1A-D5DE41EB46B9}
		{AE9AD52D-A1DE-44B1-B8F0-278947140B16} = {9BE58C28-3973-4DBF-9B1A-D5DE41EB46B9}
		{2AFCC8FC-FC7C-4A1C-8C46-7DD2043C27AD} = {9BE58C28-3973-4DBF-9B1A-D5DE41EB46B9}
		{DE7056AD-8A4F-4C4B-866D-04E56EE738C6} = {164F9A3F-368F-450A-B4E9-E92BD898DEEC}
		{9C58214E-DE00-4937-8E63-E73162A04B5D} = {164F9A3F-368F-450A-B4E9-E92BD898DEEC}
		{F0BA1B69-8C66-470F-ADC6-6A4B8D3339B8} = {164F9A3F-368F-450A-B4E9-E92BD898DEEC}
		{3490F585-D071-4EEE-BADA-3317DEF486E4} = {D73B06A9-104C-490C-9F7D-EC1AF3B8FAA3}
		{B750D18E-9097-4A2A-864B-F99098586653} = {D73B06A9-104C-490C-9F7D-EC1AF3B8FAA3}
		{1B25C9DD-FB78-4172-B04A-2F6B4B93E0A4} = {D73B06A9-104C-490C-9F7D-EC1AF3B8FAA3}
		{41A71CA1-5F5C-4146-B358-B2D59AF3FE1D} = {CFC07D4C-8CD8-4F5D-B31D-004CE453ABB2}
		{4B9EB411-DCA6-4695-8AB6-8D0C42F42C52} = {CFC07D4C-8CD8-4F5D-B31D-004CE453ABB2}
		{44CCE7B2-75CC-4430-A212-12F99D7DBA57} = {CFC07D4C-8CD8-4F5D-B31D-004CE453ABB2}
		{1CDE0465-0D97-4453-A506-CB35500B1866} = {62735AD4-56DB-4816-8B5A-EF97A93E2343}
		{7C0F941A-B807-466C-ABA3-7B46701AEEF0} = {62735AD4-56DB-4816-8B5A-EF97A93E2343}
		{51154130-7D21-4B78-88F8-8A2C0371EDB1} = {62735AD4-56DB-4816-8B5A-EF97A93E2343}
		{EF0EAC3E-DF4A-4FE3-A610-9F73F66703B0} = {2CA1BF08-C730-4615-BAFD-0CF140702BBC}
		{4262D64F-A813-4255-9E62-93CA1BAED4E4} = {2CA1BF08-C730-4615-BAFD-0CF140702BBC}
		{B499A3A2-D2D4-47AD-A2B5-4F02F9AFB269} = {2CA1BF08-C730-4615-BAFD-0CF140702BBC}
	EndGlobalSection
	GlobalSection(ExtensibilityGlobals) = postSolution
		SolutionGuid = {B6428DF6-DDE3-445A-BED8-51AFC281E3C4}
	EndGlobalSection
EndGlobal
